// !$*UTF8*$!
{
	archiveVersion = 1;
	classes = {
	};
	objectVersion = 56;
	objects = {

/* Begin PBXBuildFile section */
		2D8535472907D1BB00A41DE8 /* AppDelegate.swift in Sources */ = {isa = PBXBuildFile; fileRef = 2D8535462907D1BB00A41DE8 /* AppDelegate.swift */; };
		2D8535492907D1BB00A41DE8 /* SceneDelegate.swift in Sources */ = {isa = PBXBuildFile; fileRef = 2D8535482907D1BB00A41DE8 /* SceneDelegate.swift */; };
		2D85354B2907D1BB00A41DE8 /* MainViewController.swift in Sources */ = {isa = PBXBuildFile; fileRef = 2D85354A2907D1BB00A41DE8 /* MainViewController.swift */; };
		2D85354E2907D1BB00A41DE8 /* Main.storyboard in Resources */ = {isa = PBXBuildFile; fileRef = 2D85354C2907D1BB00A41DE8 /* Main.storyboard */; };
		2D8535502907D1BC00A41DE8 /* Assets.xcassets in Resources */ = {isa = PBXBuildFile; fileRef = 2D85354F2907D1BC00A41DE8 /* Assets.xcassets */; };
		2D8535532907D1BC00A41DE8 /* LaunchScreen.storyboard in Resources */ = {isa = PBXBuildFile; fileRef = 2D8535512907D1BC00A41DE8 /* LaunchScreen.storyboard */; };
		2D85356D290976EB00A41DE8 /* FilmInfo.swift in Sources */ = {isa = PBXBuildFile; fileRef = 2D85356C290976EB00A41DE8 /* FilmInfo.swift */; };
		2D8535702909775B00A41DE8 /* Service.swift in Sources */ = {isa = PBXBuildFile; fileRef = 2D85356F2909775B00A41DE8 /* Service.swift */; };
		2D8535742909779C00A41DE8 /* FilmTableViewCell.swift in Sources */ = {isa = PBXBuildFile; fileRef = 2D8535732909779C00A41DE8 /* FilmTableViewCell.swift */; };
		2D853577290977D000A41DE8 /* Extension+UIImageView.swift in Sources */ = {isa = PBXBuildFile; fileRef = 2D853576290977D000A41DE8 /* Extension+UIImageView.swift */; };
		2D8535792909810100A41DE8 /* FilmViewController.swift in Sources */ = {isa = PBXBuildFile; fileRef = 2D8535782909810100A41DE8 /* FilmViewController.swift */; };
		2D85357D290BAAC200A41DE8 /* VideoID.swift in Sources */ = {isa = PBXBuildFile; fileRef = 2D85357C290BAAC200A41DE8 /* VideoID.swift */; };
		2D85357F290BAC1E00A41DE8 /* WebViewController.swift in Sources */ = {isa = PBXBuildFile; fileRef = 2D85357E290BAC1E00A41DE8 /* WebViewController.swift */; };
		2D853583290C462800A41DE8 /* Extension+String.swift in Sources */ = {isa = PBXBuildFile; fileRef = 2D853582290C462800A41DE8 /* Extension+String.swift */; };
/* End PBXBuildFile section */

/* Begin PBXFileReference section */
		2D8535432907D1BB00A41DE8 /* MovieRoadMap.app */ = {isa = PBXFileReference; explicitFileType = wrapper.application; includeInIndex = 0; path = MovieRoadMap.app; sourceTree = BUILT_PRODUCTS_DIR; };
		2D8535462907D1BB00A41DE8 /* AppDelegate.swift */ = {isa = PBXFileReference; lastKnownFileType = sourcecode.swift; path = AppDelegate.swift; sourceTree = "<group>"; };
		2D8535482907D1BB00A41DE8 /* SceneDelegate.swift */ = {isa = PBXFileReference; lastKnownFileType = sourcecode.swift; path = SceneDelegate.swift; sourceTree = "<group>"; };
		2D85354A2907D1BB00A41DE8 /* MainViewController.swift */ = {isa = PBXFileReference; lastKnownFileType = sourcecode.swift; path = MainViewController.swift; sourceTree = "<group>"; };
		2D85354D2907D1BB00A41DE8 /* Base */ = {isa = PBXFileReference; lastKnownFileType = file.storyboard; name = Base; path = Base.lproj/Main.storyboard; sourceTree = "<group>"; };
		2D85354F2907D1BC00A41DE8 /* Assets.xcassets */ = {isa = PBXFileReference; lastKnownFileType = folder.assetcatalog; path = Assets.xcassets; sourceTree = "<group>"; };
		2D8535522907D1BC00A41DE8 /* Base */ = {isa = PBXFileReference; lastKnownFileType = file.storyboard; name = Base; path = Base.lproj/LaunchScreen.storyboard; sourceTree = "<group>"; };
		2D8535542907D1BC00A41DE8 /* Info.plist */ = {isa = PBXFileReference; lastKnownFileType = text.plist.xml; path = Info.plist; sourceTree = "<group>"; };
		2D85356C290976EB00A41DE8 /* FilmInfo.swift */ = {isa = PBXFileReference; lastKnownFileType = sourcecode.swift; path = FilmInfo.swift; sourceTree = "<group>"; };
		2D85356F2909775B00A41DE8 /* Service.swift */ = {isa = PBXFileReference; lastKnownFileType = sourcecode.swift; path = Service.swift; sourceTree = "<group>"; };
		2D8535732909779C00A41DE8 /* FilmTableViewCell.swift */ = {isa = PBXFileReference; lastKnownFileType = sourcecode.swift; path = FilmTableViewCell.swift; sourceTree = "<group>"; };
		2D853576290977D000A41DE8 /* Extension+UIImageView.swift */ = {isa = PBXFileReference; lastKnownFileType = sourcecode.swift; path = "Extension+UIImageView.swift"; sourceTree = "<group>"; };
		2D8535782909810100A41DE8 /* FilmViewController.swift */ = {isa = PBXFileReference; lastKnownFileType = sourcecode.swift; path = FilmViewController.swift; sourceTree = "<group>"; };
		2D85357C290BAAC200A41DE8 /* VideoID.swift */ = {isa = PBXFileReference; lastKnownFileType = sourcecode.swift; path = VideoID.swift; sourceTree = "<group>"; };
		2D85357E290BAC1E00A41DE8 /* WebViewController.swift */ = {isa = PBXFileReference; lastKnownFileType = sourcecode.swift; path = WebViewController.swift; sourceTree = "<group>"; };
		2D853582290C462800A41DE8 /* Extension+String.swift */ = {isa = PBXFileReference; lastKnownFileType = sourcecode.swift; path = "Extension+String.swift"; sourceTree = "<group>"; };
/* End PBXFileReference section */

/* Begin PBXFrameworksBuildPhase section */
		2D8535402907D1BB00A41DE8 /* Frameworks */ = {
			isa = PBXFrameworksBuildPhase;
			buildActionMask = 2147483647;
			files = (
			);
			runOnlyForDeploymentPostprocessing = 0;
		};
/* End PBXFrameworksBuildPhase section */

/* Begin PBXGroup section */
		2D85353A2907D1BB00A41DE8 = {
			isa = PBXGroup;
			children = (
				2D8535452907D1BB00A41DE8 /* MovieRoadMap */,
				2D8535442907D1BB00A41DE8 /* Products */,
			);
			sourceTree = "<group>";
		};
		2D8535442907D1BB00A41DE8 /* Products */ = {
			isa = PBXGroup;
			children = (
				2D8535432907D1BB00A41DE8 /* MovieRoadMap.app */,
			);
			name = Products;
			sourceTree = "<group>";
		};
		2D8535452907D1BB00A41DE8 /* MovieRoadMap */ = {
			isa = PBXGroup;
			children = (
				2D853575290977BA00A41DE8 /* Extension */,
				2D8535722909778900A41DE8 /* Cell */,
				2D8535712909777D00A41DE8 /* Controllers */,
				2D85356E2909773700A41DE8 /* Network */,
				2D85356B290976C800A41DE8 /* Model */,
				2D8535462907D1BB00A41DE8 /* AppDelegate.swift */,
				2D8535482907D1BB00A41DE8 /* SceneDelegate.swift */,
				2D85354C2907D1BB00A41DE8 /* Main.storyboard */,
				2D85354F2907D1BC00A41DE8 /* Assets.xcassets */,
				2D8535512907D1BC00A41DE8 /* LaunchScreen.storyboard */,
				2D8535542907D1BC00A41DE8 /* Info.plist */,
			);
			path = MovieRoadMap;
			sourceTree = "<group>";
		};
		2D85356B290976C800A41DE8 /* Model */ = {
			isa = PBXGroup;
			children = (
				2D85356C290976EB00A41DE8 /* FilmInfo.swift */,
				2D85357C290BAAC200A41DE8 /* VideoID.swift */,
			);
			path = Model;
			sourceTree = "<group>";
		};
		2D85356E2909773700A41DE8 /* Network */ = {
			isa = PBXGroup;
			children = (
				2D85356F2909775B00A41DE8 /* Service.swift */,
			);
			path = Network;
			sourceTree = "<group>";
		};
		2D8535712909777D00A41DE8 /* Controllers */ = {
			isa = PBXGroup;
			children = (
				2D85354A2907D1BB00A41DE8 /* MainViewController.swift */,
				2D8535782909810100A41DE8 /* FilmViewController.swift */,
				2D85357E290BAC1E00A41DE8 /* WebViewController.swift */,
			);
			path = Controllers;
			sourceTree = "<group>";
		};
		2D8535722909778900A41DE8 /* Cell */ = {
			isa = PBXGroup;
			children = (
				2D8535732909779C00A41DE8 /* FilmTableViewCell.swift */,
			);
			path = Cell;
			sourceTree = "<group>";
		};
		2D853575290977BA00A41DE8 /* Extension */ = {
			isa = PBXGroup;
			children = (
				2D853576290977D000A41DE8 /* Extension+UIImageView.swift */,
				2D853582290C462800A41DE8 /* Extension+String.swift */,
			);
			path = Extension;
			sourceTree = "<group>";
		};
/* End PBXGroup section */

/* Begin PBXNativeTarget section */
		2D8535422907D1BB00A41DE8 /* MovieRoadMap */ = {
			isa = PBXNativeTarget;
			buildConfigurationList = 2D8535572907D1BC00A41DE8 /* Build configuration list for PBXNativeTarget "MovieRoadMap" */;
			buildPhases = (
				2D85353F2907D1BB00A41DE8 /* Sources */,
				2D8535402907D1BB00A41DE8 /* Frameworks */,
				2D8535412907D1BB00A41DE8 /* Resources */,
				2D853584290C487D00A41DE8 /* SwiftLint */,
			);
			buildRules = (
			);
			dependencies = (
			);
			name = MovieRoadMap;
			productName = MovieRoadMap;
			productReference = 2D8535432907D1BB00A41DE8 /* MovieRoadMap.app */;
			productType = "com.apple.product-type.application";
		};
/* End PBXNativeTarget section */

/* Begin PBXProject section */
		2D85353B2907D1BB00A41DE8 /* Project object */ = {
			isa = PBXProject;
			attributes = {
				BuildIndependentTargetsInParallel = 1;
				LastSwiftUpdateCheck = 1400;
				LastUpgradeCheck = 1400;
				TargetAttributes = {
					2D8535422907D1BB00A41DE8 = {
						CreatedOnToolsVersion = 14.0.1;
					};
				};
			};
			buildConfigurationList = 2D85353E2907D1BB00A41DE8 /* Build configuration list for PBXProject "MovieRoadMap" */;
			compatibilityVersion = "Xcode 14.0";
			developmentRegion = en;
			hasScannedForEncodings = 0;
			knownRegions = (
				en,
				Base,
			);
			mainGroup = 2D85353A2907D1BB00A41DE8;
			productRefGroup = 2D8535442907D1BB00A41DE8 /* Products */;
			projectDirPath = "";
			projectRoot = "";
			targets = (
				2D8535422907D1BB00A41DE8 /* MovieRoadMap */,
			);
		};
/* End PBXProject section */

/* Begin PBXResourcesBuildPhase section */
		2D8535412907D1BB00A41DE8 /* Resources */ = {
			isa = PBXResourcesBuildPhase;
			buildActionMask = 2147483647;
			files = (
				2D8535532907D1BC00A41DE8 /* LaunchScreen.storyboard in Resources */,
				2D8535502907D1BC00A41DE8 /* Assets.xcassets in Resources */,
				2D85354E2907D1BB00A41DE8 /* Main.storyboard in Resources */,
			);
			runOnlyForDeploymentPostprocessing = 0;
		};
/* End PBXResourcesBuildPhase section */

/* Begin PBXShellScriptBuildPhase section */
		2D853584290C487D00A41DE8 /* SwiftLint */ = {
			isa = PBXShellScriptBuildPhase;
			buildActionMask = 2147483647;
			files = (
			);
			inputFileListPaths = (
			);
			inputPaths = (
			);
			name = SwiftLint;
			outputFileListPaths = (
			);
			outputPaths = (
			);
			runOnlyForDeploymentPostprocessing = 0;
			shellPath = /bin/sh;
			shellScript = "export PATH=\"$PATH:/opt/homebrew/bin\"\nif which swiftlint > /dev/null; then\n  swiftlint\nelse\n  echo \"warning: SwiftLint not installed, download from https://github.com/realm/SwiftLint\"\nfi\n";
		};
/* End PBXShellScriptBuildPhase section */

/* Begin PBXSourcesBuildPhase section */
		2D85353F2907D1BB00A41DE8 /* Sources */ = {
			isa = PBXSourcesBuildPhase;
			buildActionMask = 2147483647;
			files = (
				2D85357D290BAAC200A41DE8 /* VideoID.swift in Sources */,
				2D85354B2907D1BB00A41DE8 /* MainViewController.swift in Sources */,
				2D853577290977D000A41DE8 /* Extension+UIImageView.swift in Sources */,
				2D85357F290BAC1E00A41DE8 /* WebViewController.swift in Sources */,
				2D8535792909810100A41DE8 /* FilmViewController.swift in Sources */,
				2D85356D290976EB00A41DE8 /* FilmInfo.swift in Sources */,
				2D8535702909775B00A41DE8 /* Service.swift in Sources */,
				2D853583290C462800A41DE8 /* Extension+String.swift in Sources */,
				2D8535742909779C00A41DE8 /* FilmTableViewCell.swift in Sources */,
				2D8535472907D1BB00A41DE8 /* AppDelegate.swift in Sources */,
				2D8535492907D1BB00A41DE8 /* SceneDelegate.swift in Sources */,
			);
			runOnlyForDeploymentPostprocessing = 0;
		};
/* End PBXSourcesBuildPhase section */

/* Begin PBXVariantGroup section */
		2D85354C2907D1BB00A41DE8 /* Main.storyboard */ = {
			isa = PBXVariantGroup;
			children = (
				2D85354D2907D1BB00A41DE8 /* Base */,
			);
			name = Main.storyboard;
			sourceTree = "<group>";
		};
		2D8535512907D1BC00A41DE8 /* LaunchScreen.storyboard */ = {
			isa = PBXVariantGroup;
			children = (
				2D8535522907D1BC00A41DE8 /* Base */,
			);
			name = LaunchScreen.storyboard;
			sourceTree = "<group>";
		};
/* End PBXVariantGroup section */

/* Begin XCBuildConfiguration section */
		2D8535552907D1BC00A41DE8 /* Debug */ = {
			isa = XCBuildConfiguration;
			buildSettings = {
				ALWAYS_SEARCH_USER_PATHS = NO;
				CLANG_ANALYZER_NONNULL = YES;
				CLANG_ANALYZER_NUMBER_OBJECT_CONVERSION = YES_AGGRESSIVE;
				CLANG_CXX_LANGUAGE_STANDARD = "gnu++20";
				CLANG_ENABLE_MODULES = YES;
				CLANG_ENABLE_OBJC_ARC = YES;
				CLANG_ENABLE_OBJC_WEAK = YES;
				CLANG_WARN_BLOCK_CAPTURE_AUTORELEASING = YES;
				CLANG_WARN_BOOL_CONVERSION = YES;
				CLANG_WARN_COMMA = YES;
				CLANG_WARN_CONSTANT_CONVERSION = YES;
				CLANG_WARN_DEPRECATED_OBJC_IMPLEMENTATIONS = YES;
				CLANG_WARN_DIRECT_OBJC_ISA_USAGE = YES_ERROR;
				CLANG_WARN_DOCUMENTATION_COMMENTS = YES;
				CLANG_WARN_EMPTY_BODY = YES;
				CLANG_WARN_ENUM_CONVERSION = YES;
				CLANG_WARN_INFINITE_RECURSION = YES;
				CLANG_WARN_INT_CONVERSION = YES;
				CLANG_WARN_NON_LITERAL_NULL_CONVERSION = YES;
				CLANG_WARN_OBJC_IMPLICIT_RETAIN_SELF = YES;
				CLANG_WARN_OBJC_LITERAL_CONVERSION = YES;
				CLANG_WARN_OBJC_ROOT_CLASS = YES_ERROR;
				CLANG_WARN_QUOTED_INCLUDE_IN_FRAMEWORK_HEADER = YES;
				CLANG_WARN_RANGE_LOOP_ANALYSIS = YES;
				CLANG_WARN_STRICT_PROTOTYPES = YES;
				CLANG_WARN_SUSPICIOUS_MOVE = YES;
				CLANG_WARN_UNGUARDED_AVAILABILITY = YES_AGGRESSIVE;
				CLANG_WARN_UNREACHABLE_CODE = YES;
				CLANG_WARN__DUPLICATE_METHOD_MATCH = YES;
				COPY_PHASE_STRIP = NO;
				DEBUG_INFORMATION_FORMAT = dwarf;
				ENABLE_STRICT_OBJC_MSGSEND = YES;
				ENABLE_TESTABILITY = YES;
				GCC_C_LANGUAGE_STANDARD = gnu11;
				GCC_DYNAMIC_NO_PIC = NO;
				GCC_NO_COMMON_BLOCKS = YES;
				GCC_OPTIMIZATION_LEVEL = 0;
				GCC_PREPROCESSOR_DEFINITIONS = (
					"DEBUG=1",
					"$(inherited)",
				);
				GCC_WARN_64_TO_32_BIT_CONVERSION = YES;
				GCC_WARN_ABOUT_RETURN_TYPE = YES_ERROR;
				GCC_WARN_UNDECLARED_SELECTOR = YES;
				GCC_WARN_UNINITIALIZED_AUTOS = YES_AGGRESSIVE;
				GCC_WARN_UNUSED_FUNCTION = YES;
				GCC_WARN_UNUSED_VARIABLE = YES;
				IPHONEOS_DEPLOYMENT_TARGET = 16.0;
				MTL_ENABLE_DEBUG_INFO = INCLUDE_SOURCE;
				MTL_FAST_MATH = YES;
				ONLY_ACTIVE_ARCH = YES;
				SDKROOT = iphoneos;
				SWIFT_ACTIVE_COMPILATION_CONDITIONS = DEBUG;
				SWIFT_OPTIMIZATION_LEVEL = "-Onone";
			};
			name = Debug;
		};
		2D8535562907D1BC00A41DE8 /* Release */ = {
			isa = XCBuildConfiguration;
			buildSettings = {
				ALWAYS_SEARCH_USER_PATHS = NO;
				CLANG_ANALYZER_NONNULL = YES;
				CLANG_ANALYZER_NUMBER_OBJECT_CONVERSION = YES_AGGRESSIVE;
				CLANG_CXX_LANGUAGE_STANDARD = "gnu++20";
				CLANG_ENABLE_MODULES = YES;
				CLANG_ENABLE_OBJC_ARC = YES;
				CLANG_ENABLE_OBJC_WEAK = YES;
				CLANG_WARN_BLOCK_CAPTURE_AUTORELEASING = YES;
				CLANG_WARN_BOOL_CONVERSION = YES;
				CLANG_WARN_COMMA = YES;
				CLANG_WARN_CONSTANT_CONVERSION = YES;
				CLANG_WARN_DEPRECATED_OBJC_IMPLEMENTATIONS = YES;
				CLANG_WARN_DIRECT_OBJC_ISA_USAGE = YES_ERROR;
				CLANG_WARN_DOCUMENTATION_COMMENTS = YES;
				CLANG_WARN_EMPTY_BODY = YES;
				CLANG_WARN_ENUM_CONVERSION = YES;
				CLANG_WARN_INFINITE_RECURSION = YES;
				CLANG_WARN_INT_CONVERSION = YES;
				CLANG_WARN_NON_LITERAL_NULL_CONVERSION = YES;
				CLANG_WARN_OBJC_IMPLICIT_RETAIN_SELF = YES;
				CLANG_WARN_OBJC_LITERAL_CONVERSION = YES;
				CLANG_WARN_OBJC_ROOT_CLASS = YES_ERROR;
				CLANG_WARN_QUOTED_INCLUDE_IN_FRAMEWORK_HEADER = YES;
				CLANG_WARN_RANGE_LOOP_ANALYSIS = YES;
				CLANG_WARN_STRICT_PROTOTYPES = YES;
				CLANG_WARN_SUSPICIOUS_MOVE = YES;
				CLANG_WARN_UNGUARDED_AVAILABILITY = YES_AGGRESSIVE;
				CLANG_WARN_UNREACHABLE_CODE = YES;
				CLANG_WARN__DUPLICATE_METHOD_MATCH = YES;
				COPY_PHASE_STRIP = NO;
				DEBUG_INFORMATION_FORMAT = "dwarf-with-dsym";
				ENABLE_NS_ASSERTIONS = NO;
				ENABLE_STRICT_OBJC_MSGSEND = YES;
				GCC_C_LANGUAGE_STANDARD = gnu11;
				GCC_NO_COMMON_BLOCKS = YES;
				GCC_WARN_64_TO_32_BIT_CONVERSION = YES;
				GCC_WARN_ABOUT_RETURN_TYPE = YES_ERROR;
				GCC_WARN_UNDECLARED_SELECTOR = YES;
				GCC_WARN_UNINITIALIZED_AUTOS = YES_AGGRESSIVE;
				GCC_WARN_UNUSED_FUNCTION = YES;
				GCC_WARN_UNUSED_VARIABLE = YES;
				IPHONEOS_DEPLOYMENT_TARGET = 16.0;
				MTL_ENABLE_DEBUG_INFO = NO;
				MTL_FAST_MATH = YES;
				SDKROOT = iphoneos;
				SWIFT_COMPILATION_MODE = wholemodule;
				SWIFT_OPTIMIZATION_LEVEL = "-O";
				VALIDATE_PRODUCT = YES;
			};
			name = Release;
		};
		2D8535582907D1BC00A41DE8 /* Debug */ = {
			isa = XCBuildConfiguration;
			buildSettings = {
				ASSETCATALOG_COMPILER_APPICON_NAME = AppIcon;
				ASSETCATALOG_COMPILER_GLOBAL_ACCENT_COLOR_NAME = AccentColor;
				CODE_SIGN_STYLE = Automatic;
				CURRENT_PROJECT_VERSION = 1;
				DEVELOPMENT_TEAM = 55SMNB9RR2;
				GENERATE_INFOPLIST_FILE = YES;
				INFOPLIST_FILE = MovieRoadMap/Info.plist;
				INFOPLIST_KEY_UIApplicationSupportsIndirectInputEvents = YES;
				INFOPLIST_KEY_UILaunchStoryboardName = LaunchScreen;
				INFOPLIST_KEY_UIMainStoryboardFile = Main;
				INFOPLIST_KEY_UISupportedInterfaceOrientations_iPad = "UIInterfaceOrientationPortrait UIInterfaceOrientationPortraitUpsideDown UIInterfaceOrientationLandscapeLeft UIInterfaceOrientationLandscapeRight";
				INFOPLIST_KEY_UISupportedInterfaceOrientations_iPhone = "UIInterfaceOrientationPortrait UIInterfaceOrientationLandscapeLeft UIInterfaceOrientationLandscapeRight";
				IPHONEOS_DEPLOYMENT_TARGET = 15.0;
				LD_RUNPATH_SEARCH_PATHS = (
					"$(inherited)",
					"@executable_path/Frameworks",
				);
				MARKETING_VERSION = 1.0;
				PRODUCT_BUNDLE_IDENTIFIER = LS18.MovieRoadMap;
				PRODUCT_NAME = "$(TARGET_NAME)";
				SWIFT_EMIT_LOC_STRINGS = YES;
				SWIFT_VERSION = 5.0;
				TARGETED_DEVICE_FAMILY = "1,2";
			};
			name = Debug;
		};
		2D8535592907D1BC00A41DE8 /* Release */ = {
			isa = XCBuildConfiguration;
			buildSettings = {
				ASSETCATALOG_COMPILER_APPICON_NAME = AppIcon;
				ASSETCATALOG_COMPILER_GLOBAL_ACCENT_COLOR_NAME = AccentColor;
				CODE_SIGN_STYLE = Automatic;
				CURRENT_PROJECT_VERSION = 1;
				DEVELOPMENT_TEAM = 55SMNB9RR2;
				GENERATE_INFOPLIST_FILE = YES;
				INFOPLIST_FILE = MovieRoadMap/Info.plist;
				INFOPLIST_KEY_UIApplicationSupportsIndirectInputEvents = YES;
				INFOPLIST_KEY_UILaunchStoryboardName = LaunchScreen;
				INFOPLIST_KEY_UIMainStoryboardFile = Main;
				INFOPLIST_KEY_UISupportedInterfaceOrientations_iPad = "UIInterfaceOrientationPortrait UIInterfaceOrientationPortraitUpsideDown UIInterfaceOrientationLandscapeLeft UIInterfaceOrientationLandscapeRight";
				INFOPLIST_KEY_UISupportedInterfaceOrientations_iPhone = "UIInterfaceOrientationPortrait UIInterfaceOrientationLandscapeLeft UIInterfaceOrientationLandscapeRight";
				IPHONEOS_DEPLOYMENT_TARGET = 15.0;
				LD_RUNPATH_SEARCH_PATHS = (
					"$(inherited)",
					"@executable_path/Frameworks",
				);
				MARKETING_VERSION = 1.0;
				PRODUCT_BUNDLE_IDENTIFIER = LS18.MovieRoadMap;
				PRODUCT_NAME = "$(TARGET_NAME)";
				SWIFT_EMIT_LOC_STRINGS = YES;
				SWIFT_VERSION = 5.0;
				TARGETED_DEVICE_FAMILY = "1,2";
			};
			name = Release;
		};
/* End XCBuildConfiguration section */

/* Begin XCConfigurationList section */
		2D85353E2907D1BB00A41DE8 /* Build configuration list for PBXProject "MovieRoadMap" */ = {
			isa = XCConfigurationList;
			buildConfigurations = (
				2D8535552907D1BC00A41DE8 /* Debug */,
				2D8535562907D1BC00A41DE8 /* Release */,
			);
			defaultConfigurationIsVisible = 0;
			defaultConfigurationName = Release;
		};
		2D8535572907D1BC00A41DE8 /* Build configuration list for PBXNativeTarget "MovieRoadMap" */ = {
			isa = XCConfigurationList;
			buildConfigurations = (
				2D8535582907D1BC00A41DE8 /* Debug */,
				2D8535592907D1BC00A41DE8 /* Release */,
			);
			defaultConfigurationIsVisible = 0;
			defaultConfigurationName = Release;
		};
/* End XCConfigurationList section */
	};
	rootObject = 2D85353B2907D1BB00A41DE8 /* Project object */;
}
